// !$*UTF8*$!
{
	archiveVersion = 1;
	classes = {
	};
	objectVersion = 50;
	objects = {

/* Begin PBXBuildFile section */
		364576B420E3D72B005E800A /* JobModel.swift in Sources */ = {isa = PBXBuildFile; fileRef = 364576B320E3D72B005E800A /* JobModel.swift */; };
		367E6A0920E535D200191D84 /* ShowOrderViewController.swift in Sources */ = {isa = PBXBuildFile; fileRef = 367E6A0820E535D200191D84 /* ShowOrderViewController.swift */; };
		36A2D2F820E3D380002FD00E /* JobTableCell.swift in Sources */ = {isa = PBXBuildFile; fileRef = 36A2D2F720E3D380002FD00E /* JobTableCell.swift */; };
		97466DB320E11BCB0074F960 /* OrderViewController.swift in Sources */ = {isa = PBXBuildFile; fileRef = 97466DB220E11BCB0074F960 /* OrderViewController.swift */; };
		97466DB520E11F1F0074F960 /* HomeViewController.swift in Sources */ = {isa = PBXBuildFile; fileRef = 97466DB420E11F1F0074F960 /* HomeViewController.swift */; };
		97466DB720E11F310074F960 /* JobViewController.swift in Sources */ = {isa = PBXBuildFile; fileRef = 97466DB620E11F310074F960 /* JobViewController.swift */; };
		97466DB920E128240074F960 /* NewOrderViewController.swift in Sources */ = {isa = PBXBuildFile; fileRef = 97466DB820E128240074F960 /* NewOrderViewController.swift */; };
		977BFED320EAFF560000DB6D /* NewOrderResumeViewController.swift in Sources */ = {isa = PBXBuildFile; fileRef = 977BFED220EAFF560000DB6D /* NewOrderResumeViewController.swift */; };
		9785373C20E5C0F700F1C185 /* 3DTIZE.xcdatamodeld in Sources */ = {isa = PBXBuildFile; fileRef = 9785373A20E5C0F700F1C185 /* 3DTIZE.xcdatamodeld */; };
		97CB544F20E113D8006E57A9 /* OrderModel.swift in Sources */ = {isa = PBXBuildFile; fileRef = 97CB544E20E113D8006E57A9 /* OrderModel.swift */; };
		97CC13E320ED73B400C8D4C2 /* UIViewControllerExtension.swift in Sources */ = {isa = PBXBuildFile; fileRef = 97CC13E220ED73B400C8D4C2 /* UIViewControllerExtension.swift */; };
		97D105B720E2C81600A691AE /* CategoryTableViewCell.swift in Sources */ = {isa = PBXBuildFile; fileRef = 97D105B620E2C81600A691AE /* CategoryTableViewCell.swift */; };
		97ED4EB620E2C8C80031648C /* ThingCollectionViewCell.swift in Sources */ = {isa = PBXBuildFile; fileRef = 97ED4EB520E2C8C80031648C /* ThingCollectionViewCell.swift */; };
		97ED4EB820E2C9720031648C /* CategoryModel.swift in Sources */ = {isa = PBXBuildFile; fileRef = 97ED4EB720E2C9720031648C /* CategoryModel.swift */; };
		97ED4EBA20E2C97C0031648C /* ThingModel.swift in Sources */ = {isa = PBXBuildFile; fileRef = 97ED4EB920E2C97C0031648C /* ThingModel.swift */; };
		97F50F9820DA954000435DFC /* AppDelegate.swift in Sources */ = {isa = PBXBuildFile; fileRef = 97F50F9720DA954000435DFC /* AppDelegate.swift */; };
		97F50F9D20DA954000435DFC /* Main.storyboard in Resources */ = {isa = PBXBuildFile; fileRef = 97F50F9B20DA954000435DFC /* Main.storyboard */; };
		97F50F9F20DA954100435DFC /* Assets.xcassets in Resources */ = {isa = PBXBuildFile; fileRef = 97F50F9E20DA954100435DFC /* Assets.xcassets */; };
		97F50FA220DA954100435DFC /* LaunchScreen.storyboard in Resources */ = {isa = PBXBuildFile; fileRef = 97F50FA020DA954100435DFC /* LaunchScreen.storyboard */; };
		97F50FAD20DA954100435DFC /* projeto_foundationsTests.swift in Sources */ = {isa = PBXBuildFile; fileRef = 97F50FAC20DA954100435DFC /* projeto_foundationsTests.swift */; };
		97F50FB820DA954100435DFC /* projeto_foundationsUITests.swift in Sources */ = {isa = PBXBuildFile; fileRef = 97F50FB720DA954100435DFC /* projeto_foundationsUITests.swift */; };
		97F50FC620DAA1AB00435DFC /* OrderTableCell.swift in Sources */ = {isa = PBXBuildFile; fileRef = 97F50FC520DAA1AB00435DFC /* OrderTableCell.swift */; };
		97FE395C20E3D52D00DE94DF /* CartModel.swift in Sources */ = {isa = PBXBuildFile; fileRef = 97FE395B20E3D52D00DE94DF /* CartModel.swift */; };
		F4D08F1D20E555AC00FF1A83 /* ShowJobViewController.swift in Sources */ = {isa = PBXBuildFile; fileRef = F4D08F1C20E555AC00FF1A83 /* ShowJobViewController.swift */; };
		F4F21D5F20ED13EF006FA7ED /* SettingsViewController.swift in Sources */ = {isa = PBXBuildFile; fileRef = F4F21D5E20ED13EF006FA7ED /* SettingsViewController.swift */; };
/* End PBXBuildFile section */

/* Begin PBXContainerItemProxy section */
		97F50FA920DA954100435DFC /* PBXContainerItemProxy */ = {
			isa = PBXContainerItemProxy;
			containerPortal = 97F50F8C20DA954000435DFC /* Project object */;
			proxyType = 1;
			remoteGlobalIDString = 97F50F9320DA954000435DFC;
			remoteInfo = "projeto-foundations";
		};
		97F50FB420DA954100435DFC /* PBXContainerItemProxy */ = {
			isa = PBXContainerItemProxy;
			containerPortal = 97F50F8C20DA954000435DFC /* Project object */;
			proxyType = 1;
			remoteGlobalIDString = 97F50F9320DA954000435DFC;
			remoteInfo = "projeto-foundations";
		};
/* End PBXContainerItemProxy section */

/* Begin PBXFileReference section */
		364576B320E3D72B005E800A /* JobModel.swift */ = {isa = PBXFileReference; lastKnownFileType = sourcecode.swift; path = JobModel.swift; sourceTree = "<group>"; };
		367E6A0820E535D200191D84 /* ShowOrderViewController.swift */ = {isa = PBXFileReference; lastKnownFileType = sourcecode.swift; path = ShowOrderViewController.swift; sourceTree = "<group>"; };
		36A2D2F720E3D380002FD00E /* JobTableCell.swift */ = {isa = PBXFileReference; lastKnownFileType = sourcecode.swift; path = JobTableCell.swift; sourceTree = "<group>"; };
		97466DB220E11BCB0074F960 /* OrderViewController.swift */ = {isa = PBXFileReference; lastKnownFileType = sourcecode.swift; path = OrderViewController.swift; sourceTree = "<group>"; };
		97466DB420E11F1F0074F960 /* HomeViewController.swift */ = {isa = PBXFileReference; lastKnownFileType = sourcecode.swift; path = HomeViewController.swift; sourceTree = "<group>"; };
		97466DB620E11F310074F960 /* JobViewController.swift */ = {isa = PBXFileReference; lastKnownFileType = sourcecode.swift; path = JobViewController.swift; sourceTree = "<group>"; };
		97466DB820E128240074F960 /* NewOrderViewController.swift */ = {isa = PBXFileReference; lastKnownFileType = sourcecode.swift; path = NewOrderViewController.swift; sourceTree = "<group>"; };
		977BFED220EAFF560000DB6D /* NewOrderResumeViewController.swift */ = {isa = PBXFileReference; lastKnownFileType = sourcecode.swift; path = NewOrderResumeViewController.swift; sourceTree = "<group>"; };
		9785373B20E5C0F700F1C185 /* 3DTIZE.xcdatamodel */ = {isa = PBXFileReference; lastKnownFileType = wrapper.xcdatamodel; path = 3DTIZE.xcdatamodel; sourceTree = "<group>"; };
		97CB544E20E113D8006E57A9 /* OrderModel.swift */ = {isa = PBXFileReference; lastKnownFileType = sourcecode.swift; path = OrderModel.swift; sourceTree = "<group>"; };
		97CC13E220ED73B400C8D4C2 /* UIViewControllerExtension.swift */ = {isa = PBXFileReference; lastKnownFileType = sourcecode.swift; path = UIViewControllerExtension.swift; sourceTree = "<group>"; };
		97D105B620E2C81600A691AE /* CategoryTableViewCell.swift */ = {isa = PBXFileReference; lastKnownFileType = sourcecode.swift; path = CategoryTableViewCell.swift; sourceTree = "<group>"; };
		97ED4EB520E2C8C80031648C /* ThingCollectionViewCell.swift */ = {isa = PBXFileReference; lastKnownFileType = sourcecode.swift; path = ThingCollectionViewCell.swift; sourceTree = "<group>"; };
		97ED4EB720E2C9720031648C /* CategoryModel.swift */ = {isa = PBXFileReference; lastKnownFileType = sourcecode.swift; path = CategoryModel.swift; sourceTree = "<group>"; };
		97ED4EB920E2C97C0031648C /* ThingModel.swift */ = {isa = PBXFileReference; lastKnownFileType = sourcecode.swift; path = ThingModel.swift; sourceTree = "<group>"; };
		97F50F9420DA954000435DFC /* projeto-foundations.app */ = {isa = PBXFileReference; explicitFileType = wrapper.application; includeInIndex = 0; path = "projeto-foundations.app"; sourceTree = BUILT_PRODUCTS_DIR; };
		97F50F9720DA954000435DFC /* AppDelegate.swift */ = {isa = PBXFileReference; lastKnownFileType = sourcecode.swift; path = AppDelegate.swift; sourceTree = "<group>"; };
		97F50F9C20DA954000435DFC /* Base */ = {isa = PBXFileReference; lastKnownFileType = file.storyboard; name = Base; path = Base.lproj/Main.storyboard; sourceTree = "<group>"; };
		97F50F9E20DA954100435DFC /* Assets.xcassets */ = {isa = PBXFileReference; lastKnownFileType = folder.assetcatalog; path = Assets.xcassets; sourceTree = "<group>"; };
		97F50FA120DA954100435DFC /* Base */ = {isa = PBXFileReference; lastKnownFileType = file.storyboard; name = Base; path = Base.lproj/LaunchScreen.storyboard; sourceTree = "<group>"; };
		97F50FA320DA954100435DFC /* Info.plist */ = {isa = PBXFileReference; lastKnownFileType = text.plist.xml; path = Info.plist; sourceTree = "<group>"; };
		97F50FA820DA954100435DFC /* projeto-foundationsTests.xctest */ = {isa = PBXFileReference; explicitFileType = wrapper.cfbundle; includeInIndex = 0; path = "projeto-foundationsTests.xctest"; sourceTree = BUILT_PRODUCTS_DIR; };
		97F50FAC20DA954100435DFC /* projeto_foundationsTests.swift */ = {isa = PBXFileReference; lastKnownFileType = sourcecode.swift; path = projeto_foundationsTests.swift; sourceTree = "<group>"; };
		97F50FAE20DA954100435DFC /* Info.plist */ = {isa = PBXFileReference; lastKnownFileType = text.plist.xml; path = Info.plist; sourceTree = "<group>"; };
		97F50FB320DA954100435DFC /* projeto-foundationsUITests.xctest */ = {isa = PBXFileReference; explicitFileType = wrapper.cfbundle; includeInIndex = 0; path = "projeto-foundationsUITests.xctest"; sourceTree = BUILT_PRODUCTS_DIR; };
		97F50FB720DA954100435DFC /* projeto_foundationsUITests.swift */ = {isa = PBXFileReference; lastKnownFileType = sourcecode.swift; path = projeto_foundationsUITests.swift; sourceTree = "<group>"; };
		97F50FB920DA954100435DFC /* Info.plist */ = {isa = PBXFileReference; lastKnownFileType = text.plist.xml; path = Info.plist; sourceTree = "<group>"; };
		97F50FC520DAA1AB00435DFC /* OrderTableCell.swift */ = {isa = PBXFileReference; lastKnownFileType = sourcecode.swift; path = OrderTableCell.swift; sourceTree = "<group>"; };
		97FE395B20E3D52D00DE94DF /* CartModel.swift */ = {isa = PBXFileReference; lastKnownFileType = sourcecode.swift; path = CartModel.swift; sourceTree = "<group>"; };
		F4D08F1C20E555AC00FF1A83 /* ShowJobViewController.swift */ = {isa = PBXFileReference; lastKnownFileType = sourcecode.swift; path = ShowJobViewController.swift; sourceTree = "<group>"; };
		F4F21D5E20ED13EF006FA7ED /* SettingsViewController.swift */ = {isa = PBXFileReference; lastKnownFileType = sourcecode.swift; path = SettingsViewController.swift; sourceTree = "<group>"; };
/* End PBXFileReference section */

/* Begin PBXFrameworksBuildPhase section */
		97F50F9120DA954000435DFC /* Frameworks */ = {
			isa = PBXFrameworksBuildPhase;
			buildActionMask = 2147483647;
			files = (
			);
			runOnlyForDeploymentPostprocessing = 0;
		};
		97F50FA520DA954100435DFC /* Frameworks */ = {
			isa = PBXFrameworksBuildPhase;
			buildActionMask = 2147483647;
			files = (
			);
			runOnlyForDeploymentPostprocessing = 0;
		};
		97F50FB020DA954100435DFC /* Frameworks */ = {
			isa = PBXFrameworksBuildPhase;
			buildActionMask = 2147483647;
			files = (
			);
			runOnlyForDeploymentPostprocessing = 0;
		};
/* End PBXFrameworksBuildPhase section */

/* Begin PBXGroup section */
		97466DB120E11BA50074F960 /* controllers */ = {
			isa = PBXGroup;
			children = (
				97466DB220E11BCB0074F960 /* OrderViewController.swift */,
				97466DB420E11F1F0074F960 /* HomeViewController.swift */,
				97466DB620E11F310074F960 /* JobViewController.swift */,
				F4D08F1C20E555AC00FF1A83 /* ShowJobViewController.swift */,
				97466DB820E128240074F960 /* NewOrderViewController.swift */,
				367E6A0820E535D200191D84 /* ShowOrderViewController.swift */,
				977BFED220EAFF560000DB6D /* NewOrderResumeViewController.swift */,
				F4F21D5E20ED13EF006FA7ED /* SettingsViewController.swift */,
			);
			path = controllers;
			sourceTree = "<group>";
		};
		97CB544D20E113AE006E57A9 /* models */ = {
			isa = PBXGroup;
			children = (
				97CB544E20E113D8006E57A9 /* OrderModel.swift */,
				97ED4EB720E2C9720031648C /* CategoryModel.swift */,
				97ED4EB920E2C97C0031648C /* ThingModel.swift */,
				364576B320E3D72B005E800A /* JobModel.swift */,
				97FE395B20E3D52D00DE94DF /* CartModel.swift */,
			);
			path = models;
			sourceTree = "<group>";
		};
		97CC13E420EE3C1700C8D4C2 /* Extensions */ = {
			isa = PBXGroup;
			children = (
				97CC13E220ED73B400C8D4C2 /* UIViewControllerExtension.swift */,
			);
			path = Extensions;
			sourceTree = "<group>";
		};
		97F50F8B20DA954000435DFC = {
			isa = PBXGroup;
			children = (
				97F50F9620DA954000435DFC /* projeto-foundations */,
				97F50FAB20DA954100435DFC /* projeto-foundationsTests */,
				97F50FB620DA954100435DFC /* projeto-foundationsUITests */,
				97F50F9520DA954000435DFC /* Products */,
			);
			sourceTree = "<group>";
		};
		97F50F9520DA954000435DFC /* Products */ = {
			isa = PBXGroup;
			children = (
				97F50F9420DA954000435DFC /* projeto-foundations.app */,
				97F50FA820DA954100435DFC /* projeto-foundationsTests.xctest */,
				97F50FB320DA954100435DFC /* projeto-foundationsUITests.xctest */,
			);
			name = Products;
			sourceTree = "<group>";
		};
		97F50F9620DA954000435DFC /* projeto-foundations */ = {
			isa = PBXGroup;
			children = (
				97CC13E420EE3C1700C8D4C2 /* Extensions */,
				97466DB120E11BA50074F960 /* controllers */,
				97CB544D20E113AE006E57A9 /* models */,
				97F50F9720DA954000435DFC /* AppDelegate.swift */,
				97F50F9B20DA954000435DFC /* Main.storyboard */,
				97F50F9E20DA954100435DFC /* Assets.xcassets */,
				97F50FA020DA954100435DFC /* LaunchScreen.storyboard */,
				97F50FA320DA954100435DFC /* Info.plist */,
				97F50FC520DAA1AB00435DFC /* OrderTableCell.swift */,
				97D105B620E2C81600A691AE /* CategoryTableViewCell.swift */,
				97ED4EB520E2C8C80031648C /* ThingCollectionViewCell.swift */,
				36A2D2F720E3D380002FD00E /* JobTableCell.swift */,
				9785373A20E5C0F700F1C185 /* 3DTIZE.xcdatamodeld */,
			);
			path = "projeto-foundations";
			sourceTree = "<group>";
		};
		97F50FAB20DA954100435DFC /* projeto-foundationsTests */ = {
			isa = PBXGroup;
			children = (
				97F50FAC20DA954100435DFC /* projeto_foundationsTests.swift */,
				97F50FAE20DA954100435DFC /* Info.plist */,
			);
			path = "projeto-foundationsTests";
			sourceTree = "<group>";
		};
		97F50FB620DA954100435DFC /* projeto-foundationsUITests */ = {
			isa = PBXGroup;
			children = (
				97F50FB720DA954100435DFC /* projeto_foundationsUITests.swift */,
				97F50FB920DA954100435DFC /* Info.plist */,
			);
			path = "projeto-foundationsUITests";
			sourceTree = "<group>";
		};
/* End PBXGroup section */

/* Begin PBXNativeTarget section */
		97F50F9320DA954000435DFC /* projeto-foundations */ = {
			isa = PBXNativeTarget;
			buildConfigurationList = 97F50FBC20DA954100435DFC /* Build configuration list for PBXNativeTarget "projeto-foundations" */;
			buildPhases = (
				97F50F9020DA954000435DFC /* Sources */,
				97F50F9120DA954000435DFC /* Frameworks */,
				97F50F9220DA954000435DFC /* Resources */,
			);
			buildRules = (
			);
			dependencies = (
			);
			name = "projeto-foundations";
			productName = "projeto-foundations";
			productReference = 97F50F9420DA954000435DFC /* projeto-foundations.app */;
			productType = "com.apple.product-type.application";
		};
		97F50FA720DA954100435DFC /* projeto-foundationsTests */ = {
			isa = PBXNativeTarget;
			buildConfigurationList = 97F50FBF20DA954100435DFC /* Build configuration list for PBXNativeTarget "projeto-foundationsTests" */;
			buildPhases = (
				97F50FA420DA954100435DFC /* Sources */,
				97F50FA520DA954100435DFC /* Frameworks */,
				97F50FA620DA954100435DFC /* Resources */,
			);
			buildRules = (
			);
			dependencies = (
				97F50FAA20DA954100435DFC /* PBXTargetDependency */,
			);
			name = "projeto-foundationsTests";
			productName = "projeto-foundationsTests";
			productReference = 97F50FA820DA954100435DFC /* projeto-foundationsTests.xctest */;
			productType = "com.apple.product-type.bundle.unit-test";
		};
		97F50FB220DA954100435DFC /* projeto-foundationsUITests */ = {
			isa = PBXNativeTarget;
			buildConfigurationList = 97F50FC220DA954100435DFC /* Build configuration list for PBXNativeTarget "projeto-foundationsUITests" */;
			buildPhases = (
				97F50FAF20DA954100435DFC /* Sources */,
				97F50FB020DA954100435DFC /* Frameworks */,
				97F50FB120DA954100435DFC /* Resources */,
			);
			buildRules = (
			);
			dependencies = (
				97F50FB520DA954100435DFC /* PBXTargetDependency */,
			);
			name = "projeto-foundationsUITests";
			productName = "projeto-foundationsUITests";
			productReference = 97F50FB320DA954100435DFC /* projeto-foundationsUITests.xctest */;
			productType = "com.apple.product-type.bundle.ui-testing";
		};
/* End PBXNativeTarget section */

/* Begin PBXProject section */
		97F50F8C20DA954000435DFC /* Project object */ = {
			isa = PBXProject;
			attributes = {
				LastSwiftUpdateCheck = 0940;
				LastUpgradeCheck = 0940;
				ORGANIZATIONNAME = AcademyFoundations;
				TargetAttributes = {
					97F50F9320DA954000435DFC = {
						CreatedOnToolsVersion = 9.4.1;
					};
					97F50FA720DA954100435DFC = {
						CreatedOnToolsVersion = 9.4.1;
						TestTargetID = 97F50F9320DA954000435DFC;
					};
					97F50FB220DA954100435DFC = {
						CreatedOnToolsVersion = 9.4.1;
						TestTargetID = 97F50F9320DA954000435DFC;
					};
				};
			};
			buildConfigurationList = 97F50F8F20DA954000435DFC /* Build configuration list for PBXProject "projeto-foundations" */;
			compatibilityVersion = "Xcode 9.3";
			developmentRegion = en;
			hasScannedForEncodings = 0;
			knownRegions = (
				en,
				Base,
			);
			mainGroup = 97F50F8B20DA954000435DFC;
			productRefGroup = 97F50F9520DA954000435DFC /* Products */;
			projectDirPath = "";
			projectRoot = "";
			targets = (
				97F50F9320DA954000435DFC /* projeto-foundations */,
				97F50FA720DA954100435DFC /* projeto-foundationsTests */,
				97F50FB220DA954100435DFC /* projeto-foundationsUITests */,
			);
		};
/* End PBXProject section */

/* Begin PBXResourcesBuildPhase section */
		97F50F9220DA954000435DFC /* Resources */ = {
			isa = PBXResourcesBuildPhase;
			buildActionMask = 2147483647;
			files = (
				97F50FA220DA954100435DFC /* LaunchScreen.storyboard in Resources */,
				97F50F9F20DA954100435DFC /* Assets.xcassets in Resources */,
				97F50F9D20DA954000435DFC /* Main.storyboard in Resources */,
			);
			runOnlyForDeploymentPostprocessing = 0;
		};
		97F50FA620DA954100435DFC /* Resources */ = {
			isa = PBXResourcesBuildPhase;
			buildActionMask = 2147483647;
			files = (
			);
			runOnlyForDeploymentPostprocessing = 0;
		};
		97F50FB120DA954100435DFC /* Resources */ = {
			isa = PBXResourcesBuildPhase;
			buildActionMask = 2147483647;
			files = (
			);
			runOnlyForDeploymentPostprocessing = 0;
		};
/* End PBXResourcesBuildPhase section */

/* Begin PBXSourcesBuildPhase section */
		97F50F9020DA954000435DFC /* Sources */ = {
			isa = PBXSourcesBuildPhase;
			buildActionMask = 2147483647;
			files = (
				36A2D2F820E3D380002FD00E /* JobTableCell.swift in Sources */,
				F4D08F1D20E555AC00FF1A83 /* ShowJobViewController.swift in Sources */,
				9785373C20E5C0F700F1C185 /* 3DTIZE.xcdatamodeld in Sources */,
				97466DB520E11F1F0074F960 /* HomeViewController.swift in Sources */,
				97ED4EB820E2C9720031648C /* CategoryModel.swift in Sources */,
				F4F21D5F20ED13EF006FA7ED /* SettingsViewController.swift in Sources */,
				97F50F9820DA954000435DFC /* AppDelegate.swift in Sources */,
				367E6A0920E535D200191D84 /* ShowOrderViewController.swift in Sources */,
				364576B420E3D72B005E800A /* JobModel.swift in Sources */,
				97CC13E320ED73B400C8D4C2 /* UIViewControllerExtension.swift in Sources */,
				97ED4EBA20E2C97C0031648C /* ThingModel.swift in Sources */,
				97466DB720E11F310074F960 /* JobViewController.swift in Sources */,
				97CB544F20E113D8006E57A9 /* OrderModel.swift in Sources */,
				97466DB920E128240074F960 /* NewOrderViewController.swift in Sources */,
				97FE395C20E3D52D00DE94DF /* CartModel.swift in Sources */,
				977BFED320EAFF560000DB6D /* NewOrderResumeViewController.swift in Sources */,
				97F50FC620DAA1AB00435DFC /* OrderTableCell.swift in Sources */,
				97466DB320E11BCB0074F960 /* OrderViewController.swift in Sources */,
				97ED4EB620E2C8C80031648C /* ThingCollectionViewCell.swift in Sources */,
				97D105B720E2C81600A691AE /* CategoryTableViewCell.swift in Sources */,
			);
			runOnlyForDeploymentPostprocessing = 0;
		};
		97F50FA420DA954100435DFC /* Sources */ = {
			isa = PBXSourcesBuildPhase;
			buildActionMask = 2147483647;
			files = (
				97F50FAD20DA954100435DFC /* projeto_foundationsTests.swift in Sources */,
			);
			runOnlyForDeploymentPostprocessing = 0;
		};
		97F50FAF20DA954100435DFC /* Sources */ = {
			isa = PBXSourcesBuildPhase;
			buildActionMask = 2147483647;
			files = (
				97F50FB820DA954100435DFC /* projeto_foundationsUITests.swift in Sources */,
			);
			runOnlyForDeploymentPostprocessing = 0;
		};
/* End PBXSourcesBuildPhase section */

/* Begin PBXTargetDependency section */
		97F50FAA20DA954100435DFC /* PBXTargetDependency */ = {
			isa = PBXTargetDependency;
			target = 97F50F9320DA954000435DFC /* projeto-foundations */;
			targetProxy = 97F50FA920DA954100435DFC /* PBXContainerItemProxy */;
		};
		97F50FB520DA954100435DFC /* PBXTargetDependency */ = {
			isa = PBXTargetDependency;
			target = 97F50F9320DA954000435DFC /* projeto-foundations */;
			targetProxy = 97F50FB420DA954100435DFC /* PBXContainerItemProxy */;
		};
/* End PBXTargetDependency section */

/* Begin PBXVariantGroup section */
		97F50F9B20DA954000435DFC /* Main.storyboard */ = {
			isa = PBXVariantGroup;
			children = (
				97F50F9C20DA954000435DFC /* Base */,
			);
			name = Main.storyboard;
			sourceTree = "<group>";
		};
		97F50FA020DA954100435DFC /* LaunchScreen.storyboard */ = {
			isa = PBXVariantGroup;
			children = (
				97F50FA120DA954100435DFC /* Base */,
			);
			name = LaunchScreen.storyboard;
			sourceTree = "<group>";
		};
/* End PBXVariantGroup section */

/* Begin XCBuildConfiguration section */
		97F50FBA20DA954100435DFC /* Debug */ = {
			isa = XCBuildConfiguration;
			buildSettings = {
				ALWAYS_SEARCH_USER_PATHS = NO;
				CLANG_ANALYZER_NONNULL = YES;
				CLANG_ANALYZER_NUMBER_OBJECT_CONVERSION = YES_AGGRESSIVE;
				CLANG_CXX_LANGUAGE_STANDARD = "gnu++14";
				CLANG_CXX_LIBRARY = "libc++";
				CLANG_ENABLE_MODULES = YES;
				CLANG_ENABLE_OBJC_ARC = YES;
				CLANG_ENABLE_OBJC_WEAK = YES;
				CLANG_WARN_BLOCK_CAPTURE_AUTORELEASING = YES;
				CLANG_WARN_BOOL_CONVERSION = YES;
				CLANG_WARN_COMMA = YES;
				CLANG_WARN_CONSTANT_CONVERSION = YES;
				CLANG_WARN_DEPRECATED_OBJC_IMPLEMENTATIONS = YES;
				CLANG_WARN_DIRECT_OBJC_ISA_USAGE = YES_ERROR;
				CLANG_WARN_DOCUMENTATION_COMMENTS = YES;
				CLANG_WARN_EMPTY_BODY = YES;
				CLANG_WARN_ENUM_CONVERSION = YES;
				CLANG_WARN_INFINITE_RECURSION = YES;
				CLANG_WARN_INT_CONVERSION = YES;
				CLANG_WARN_NON_LITERAL_NULL_CONVERSION = YES;
				CLANG_WARN_OBJC_IMPLICIT_RETAIN_SELF = YES;
				CLANG_WARN_OBJC_LITERAL_CONVERSION = YES;
				CLANG_WARN_OBJC_ROOT_CLASS = YES_ERROR;
				CLANG_WARN_RANGE_LOOP_ANALYSIS = YES;
				CLANG_WARN_STRICT_PROTOTYPES = YES;
				CLANG_WARN_SUSPICIOUS_MOVE = YES;
				CLANG_WARN_UNGUARDED_AVAILABILITY = YES_AGGRESSIVE;
				CLANG_WARN_UNREACHABLE_CODE = YES;
				CLANG_WARN__DUPLICATE_METHOD_MATCH = YES;
				CODE_SIGN_IDENTITY = "iPhone Developer";
				COPY_PHASE_STRIP = NO;
				DEBUG_INFORMATION_FORMAT = dwarf;
				ENABLE_STRICT_OBJC_MSGSEND = YES;
				ENABLE_TESTABILITY = YES;
				GCC_C_LANGUAGE_STANDARD = gnu11;
				GCC_DYNAMIC_NO_PIC = NO;
				GCC_NO_COMMON_BLOCKS = YES;
				GCC_OPTIMIZATION_LEVEL = 0;
				GCC_PREPROCESSOR_DEFINITIONS = (
					"DEBUG=1",
					"$(inherited)",
				);
				GCC_WARN_64_TO_32_BIT_CONVERSION = YES;
				GCC_WARN_ABOUT_RETURN_TYPE = YES_ERROR;
				GCC_WARN_UNDECLARED_SELECTOR = YES;
				GCC_WARN_UNINITIALIZED_AUTOS = YES_AGGRESSIVE;
				GCC_WARN_UNUSED_FUNCTION = YES;
				GCC_WARN_UNUSED_VARIABLE = YES;
				IPHONEOS_DEPLOYMENT_TARGET = 11.4;
				MTL_ENABLE_DEBUG_INFO = YES;
				ONLY_ACTIVE_ARCH = YES;
				SDKROOT = iphoneos;
				SWIFT_ACTIVE_COMPILATION_CONDITIONS = DEBUG;
				SWIFT_OPTIMIZATION_LEVEL = "-Onone";
			};
			name = Debug;
		};
		97F50FBB20DA954100435DFC /* Release */ = {
			isa = XCBuildConfiguration;
			buildSettings = {
				ALWAYS_SEARCH_USER_PATHS = NO;
				CLANG_ANALYZER_NONNULL = YES;
				CLANG_ANALYZER_NUMBER_OBJECT_CONVERSION = YES_AGGRESSIVE;
				CLANG_CXX_LANGUAGE_STANDARD = "gnu++14";
				CLANG_CXX_LIBRARY = "libc++";
				CLANG_ENABLE_MODULES = YES;
				CLANG_ENABLE_OBJC_ARC = YES;
				CLANG_ENABLE_OBJC_WEAK = YES;
				CLANG_WARN_BLOCK_CAPTURE_AUTORELEASING = YES;
				CLANG_WARN_BOOL_CONVERSION = YES;
				CLANG_WARN_COMMA = YES;
				CLANG_WARN_CONSTANT_CONVERSION = YES;
				CLANG_WARN_DEPRECATED_OBJC_IMPLEMENTATIONS = YES;
				CLANG_WARN_DIRECT_OBJC_ISA_USAGE = YES_ERROR;
				CLANG_WARN_DOCUMENTATION_COMMENTS = YES;
				CLANG_WARN_EMPTY_BODY = YES;
				CLANG_WARN_ENUM_CONVERSION = YES;
				CLANG_WARN_INFINITE_RECURSION = YES;
				CLANG_WARN_INT_CONVERSION = YES;
				CLANG_WARN_NON_LITERAL_NULL_CONVERSION = YES;
				CLANG_WARN_OBJC_IMPLICIT_RETAIN_SELF = YES;
				CLANG_WARN_OBJC_LITERAL_CONVERSION = YES;
				CLANG_WARN_OBJC_ROOT_CLASS = YES_ERROR;
				CLANG_WARN_RANGE_LOOP_ANALYSIS = YES;
				CLANG_WARN_STRICT_PROTOTYPES = YES;
				CLANG_WARN_SUSPICIOUS_MOVE = YES;
				CLANG_WARN_UNGUARDED_AVAILABILITY = YES_AGGRESSIVE;
				CLANG_WARN_UNREACHABLE_CODE = YES;
				CLANG_WARN__DUPLICATE_METHOD_MATCH = YES;
				CODE_SIGN_IDENTITY = "iPhone Developer";
				COPY_PHASE_STRIP = NO;
				DEBUG_INFORMATION_FORMAT = "dwarf-with-dsym";
				ENABLE_NS_ASSERTIONS = NO;
				ENABLE_STRICT_OBJC_MSGSEND = YES;
				GCC_C_LANGUAGE_STANDARD = gnu11;
				GCC_NO_COMMON_BLOCKS = YES;
				GCC_WARN_64_TO_32_BIT_CONVERSION = YES;
				GCC_WARN_ABOUT_RETURN_TYPE = YES_ERROR;
				GCC_WARN_UNDECLARED_SELECTOR = YES;
				GCC_WARN_UNINITIALIZED_AUTOS = YES_AGGRESSIVE;
				GCC_WARN_UNUSED_FUNCTION = YES;
				GCC_WARN_UNUSED_VARIABLE = YES;
				IPHONEOS_DEPLOYMENT_TARGET = 11.4;
				MTL_ENABLE_DEBUG_INFO = NO;
				SDKROOT = iphoneos;
				SWIFT_COMPILATION_MODE = wholemodule;
				SWIFT_OPTIMIZATION_LEVEL = "-O";
				VALIDATE_PRODUCT = YES;
			};
			name = Release;
		};
		97F50FBD20DA954100435DFC /* Debug */ = {
			isa = XCBuildConfiguration;
			buildSettings = {
				ASSETCATALOG_COMPILER_APPICON_NAME = AppIcon;
				CODE_SIGN_IDENTITY = "iPhone Developer";
				CODE_SIGN_STYLE = Automatic;
				DEVELOPMENT_TEAM = WT62DT6675;
				INFOPLIST_FILE = "projeto-foundations/Info.plist";
				IPHONEOS_DEPLOYMENT_TARGET = 11.3;
				LD_RUNPATH_SEARCH_PATHS = (
					"$(inherited)",
					"@executable_path/Frameworks",
				);
				PRODUCT_BUNDLE_IDENTIFIER = "academy.cin.ufpe.br.projeto-foundations";
				PRODUCT_NAME = "$(TARGET_NAME)";
				PROVISIONING_PROFILE_SPECIFIER = "";
				SWIFT_VERSION = 4.0;
				TARGETED_DEVICE_FAMILY = "1,2";
			};
			name = Debug;
		};
		97F50FBE20DA954100435DFC /* Release */ = {
			isa = XCBuildConfiguration;
			buildSettings = {
				ASSETCATALOG_COMPILER_APPICON_NAME = AppIcon;
				CODE_SIGN_IDENTITY = "iPhone Developer";
				CODE_SIGN_STYLE = Automatic;
				DEVELOPMENT_TEAM = WT62DT6675;
				INFOPLIST_FILE = "projeto-foundations/Info.plist";
				IPHONEOS_DEPLOYMENT_TARGET = 11.3;
				LD_RUNPATH_SEARCH_PATHS = (
					"$(inherited)",
					"@executable_path/Frameworks",
				);
				PRODUCT_BUNDLE_IDENTIFIER = "academy.cin.ufpe.br.projeto-foundations";
				PRODUCT_NAME = "$(TARGET_NAME)";
				PROVISIONING_PROFILE_SPECIFIER = "";
				SWIFT_VERSION = 4.0;
				TARGETED_DEVICE_FAMILY = "1,2";
			};
			name = Release;
		};
		97F50FC020DA954100435DFC /* Debug */ = {
			isa = XCBuildConfiguration;
			buildSettings = {
				ALWAYS_EMBED_SWIFT_STANDARD_LIBRARIES = YES;
				BUNDLE_LOADER = "$(TEST_HOST)";
				CODE_SIGN_STYLE = Automatic;
				DEVELOPMENT_TEAM = WT62DT6675;
				INFOPLIST_FILE = "projeto-foundationsTests/Info.plist";
				LD_RUNPATH_SEARCH_PATHS = (
					"$(inherited)",
					"@executable_path/Frameworks",
					"@loader_path/Frameworks",
				);
				PRODUCT_BUNDLE_IDENTIFIER = "academy.cin.ufpe.br.projeto-foundationsTests";
				PRODUCT_NAME = "$(TARGET_NAME)";
				SWIFT_VERSION = 4.0;
				TARGETED_DEVICE_FAMILY = "1,2";
				TEST_HOST = "$(BUILT_PRODUCTS_DIR)/projeto-foundations.app/projeto-foundations";
			};
			name = Debug;
		};
		97F50FC120DA954100435DFC /* Release */ = {
			isa = XCBuildConfiguration;
			buildSettings = {
				ALWAYS_EMBED_SWIFT_STANDARD_LIBRARIES = YES;
				BUNDLE_LOADER = "$(TEST_HOST)";
				CODE_SIGN_STYLE = Automatic;
				DEVELOPMENT_TEAM = WT62DT6675;
				INFOPLIST_FILE = "projeto-foundationsTests/Info.plist";
				LD_RUNPATH_SEARCH_PATHS = (
					"$(inherited)",
					"@executable_path/Frameworks",
					"@loader_path/Frameworks",
				);
				PRODUCT_BUNDLE_IDENTIFIER = "academy.cin.ufpe.br.projeto-foundationsTests";
				PRODUCT_NAME = "$(TARGET_NAME)";
				SWIFT_VERSION = 4.0;
				TARGETED_DEVICE_FAMILY = "1,2";
				TEST_HOST = "$(BUILT_PRODUCTS_DIR)/projeto-foundations.app/projeto-foundations";
			};
			name = Release;
		};
		97F50FC320DA954100435DFC /* Debug */ = {
			isa = XCBuildConfiguration;
			buildSettings = {
				ALWAYS_EMBED_SWIFT_STANDARD_LIBRARIES = YES;
				CODE_SIGN_STYLE = Automatic;
				DEVELOPMENT_TEAM = WT62DT6675;
				INFOPLIST_FILE = "projeto-foundationsUITests/Info.plist";
				IPHONEOS_DEPLOYMENT_TARGET = 11.3;
				LD_RUNPATH_SEARCH_PATHS = (
					"$(inherited)",
					"@executable_path/Frameworks",
					"@loader_path/Frameworks",
				);
				PRODUCT_BUNDLE_IDENTIFIER = "academy.cin.ufpe.br.projeto-foundationsUITests";
				PRODUCT_NAME = "$(TARGET_NAME)";
				SWIFT_VERSION = 4.0;
				TARGETED_DEVICE_FAMILY = "1,2";
				TEST_TARGET_NAME = "projeto-foundations";
			};
			name = Debug;
		};
		97F50FC420DA954100435DFC /* Release */ = {
			isa = XCBuildConfiguration;
			buildSettings = {
				ALWAYS_EMBED_SWIFT_STANDARD_LIBRARIES = YES;
				CODE_SIGN_STYLE = Automatic;
				DEVELOPMENT_TEAM = WT62DT6675;
				INFOPLIST_FILE = "projeto-foundationsUITests/Info.plist";
				IPHONEOS_DEPLOYMENT_TARGET = 11.3;
				LD_RUNPATH_SEARCH_PATHS = (
					"$(inherited)",
					"@executable_path/Frameworks",
					"@loader_path/Frameworks",
				);
				PRODUCT_BUNDLE_IDENTIFIER = "academy.cin.ufpe.br.projeto-foundationsUITests";
				PRODUCT_NAME = "$(TARGET_NAME)";
				SWIFT_VERSION = 4.0;
				TARGETED_DEVICE_FAMILY = "1,2";
				TEST_TARGET_NAME = "projeto-foundations";
			};
			name = Release;
		};
/* End XCBuildConfiguration section */

/* Begin XCConfigurationList section */
		97F50F8F20DA954000435DFC /* Build configuration list for PBXProject "projeto-foundations" */ = {
			isa = XCConfigurationList;
			buildConfigurations = (
				97F50FBA20DA954100435DFC /* Debug */,
				97F50FBB20DA954100435DFC /* Release */,
			);
			defaultConfigurationIsVisible = 0;
			defaultConfigurationName = Release;
		};
		97F50FBC20DA954100435DFC /* Build configuration list for PBXNativeTarget "projeto-foundations" */ = {
			isa = XCConfigurationList;
			buildConfigurations = (
				97F50FBD20DA954100435DFC /* Debug */,
				97F50FBE20DA954100435DFC /* Release */,
			);
			defaultConfigurationIsVisible = 0;
			defaultConfigurationName = Release;
		};
		97F50FBF20DA954100435DFC /* Build configuration list for PBXNativeTarget "projeto-foundationsTests" */ = {
			isa = XCConfigurationList;
			buildConfigurations = (
				97F50FC020DA954100435DFC /* Debug */,
				97F50FC120DA954100435DFC /* Release */,
			);
			defaultConfigurationIsVisible = 0;
			defaultConfigurationName = Release;
		};
		97F50FC220DA954100435DFC /* Build configuration list for PBXNativeTarget "projeto-foundationsUITests" */ = {
			isa = XCConfigurationList;
			buildConfigurations = (
				97F50FC320DA954100435DFC /* Debug */,
				97F50FC420DA954100435DFC /* Release */,
			);
			defaultConfigurationIsVisible = 0;
			defaultConfigurationName = Release;
		};
/* End XCConfigurationList section */

/* Begin XCVersionGroup section */
		9785373A20E5C0F700F1C185 /* 3DTIZE.xcdatamodeld */ = {
			isa = XCVersionGroup;
			children = (
				9785373B20E5C0F700F1C185 /* 3DTIZE.xcdatamodel */,
			);
			currentVersion = 9785373B20E5C0F700F1C185 /* 3DTIZE.xcdatamodel */;
			path = 3DTIZE.xcdatamodeld;
			sourceTree = "<group>";
			versionGroupType = wrapper.xcdatamodel;
		};
/* End XCVersionGroup section */
	};
	rootObject = 97F50F8C20DA954000435DFC /* Project object */;
}
